
Microsoft Visual Studio Solution File, Format Version 12.00
# Visual Studio Version 17
VisualStudioVersion = 17.3.32922.545
MinimumVisualStudioVersion = 10.0.40219.1
Project("{FAE04EC0-301F-11D3-BF4B-00C04F79EFBC}") = "DemoExam.Core", "DemoExam.Core\DemoExam.Core.csproj", "{2484232E-893A-452E-BFE4-97EF0D5C5F11}"
EndProject
Project("{FAE04EC0-301F-11D3-BF4B-00C04F79EFBC}") = "DatabaseFiller", "DatabaseFiller\DatabaseFiller.csproj", "{C15053A4-E616-4C2E-809C-B9E3CD042309}"
EndProject
Project("{FAE04EC0-301F-11D3-BF4B-00C04F79EFBC}") = "DemoExam.Wpf", "DemoExam.Wpf\DemoExam.Wpf.csproj", "{6889164C-67BA-4A79-A109-72FF9295D4E2}"
EndProject
Project("{FAE04EC0-301F-11D3-BF4B-00C04F79EFBC}") = "DemoExam.Database", "DemoExam.Database\DemoExam.Database.csproj", "{8972BDED-EFBA-4CAE-B918-544642EB1AFA}"
EndProject
Project("{FAE04EC0-301F-11D3-BF4B-00C04F79EFBC}") = "DemoExam.Translation", "DemoExam.Translation\DemoExam.Translation.csproj", "{C84865F3-3A76-459D-BD6F-AF65F95351F2}"
EndProject
Project("{FAE04EC0-301F-11D3-BF4B-00C04F79EFBC}") = "DemoExam.PdfGenerator", "DemoExam.PdfGenerator\DemoExam.PdfGenerator.csproj", "{BF47270B-699B-4131-9132-E83793B765B9}"
EndProject
Project("{FAE04EC0-301F-11D3-BF4B-00C04F79EFBC}") = "DemoExam.Domain", "DemoExam.Domain\DemoExam.Domain.csproj", "{390F358E-3984-4F56-B21F-8BD66C841BF1}"
EndProject
Global
	GlobalSection(SolutionConfigurationPlatforms) = preSolution
		Debug|Any CPU = Debug|Any CPU
		Release|Any CPU = Release|Any CPU
	EndGlobalSection
	GlobalSection(ProjectConfigurationPlatforms) = postSolution
		{2484232E-893A-452E-BFE4-97EF0D5C5F11}.Debug|Any CPU.ActiveCfg = Debug|Any CPU
		{2484232E-893A-452E-BFE4-97EF0D5C5F11}.Debug|Any CPU.Build.0 = Debug|Any CPU
		{2484232E-893A-452E-BFE4-97EF0D5C5F11}.Release|Any CPU.ActiveCfg = Release|Any CPU
		{2484232E-893A-452E-BFE4-97EF0D5C5F11}.Release|Any CPU.Build.0 = Release|Any CPU
		{C15053A4-E616-4C2E-809C-B9E3CD042309}.Debug|Any CPU.ActiveCfg = Debug|Any CPU
		{C15053A4-E616-4C2E-809C-B9E3CD042309}.Debug|Any CPU.Build.0 = Debug|Any CPU
		{C15053A4-E616-4C2E-809C-B9E3CD042309}.Release|Any CPU.ActiveCfg = Release|Any CPU
		{C15053A4-E616-4C2E-809C-B9E3CD042309}.Release|Any CPU.Build.0 = Release|Any CPU
		{6889164C-67BA-4A79-A109-72FF9295D4E2}.Debug|Any CPU.ActiveCfg = Debug|Any CPU
		{6889164C-67BA-4A79-A109-72FF9295D4E2}.Debug|Any CPU.Build.0 = Debug|Any CPU
		{6889164C-67BA-4A79-A109-72FF9295D4E2}.Release|Any CPU.ActiveCfg = Release|Any CPU
		{6889164C-67BA-4A79-A109-72FF9295D4E2}.Release|Any CPU.Build.0 = Release|Any CPU
		{8972BDED-EFBA-4CAE-B918-544642EB1AFA}.Debug|Any CPU.ActiveCfg = Debug|Any CPU
		{8972BDED-EFBA-4CAE-B918-544642EB1AFA}.Debug|Any CPU.Build.0 = Debug|Any CPU
		{8972BDED-EFBA-4CAE-B918-544642EB1AFA}.Release|Any CPU.ActiveCfg = Release|Any CPU
		{8972BDED-EFBA-4CAE-B918-544642EB1AFA}.Release|Any CPU.Build.0 = Release|Any CPU
		{C84865F3-3A76-459D-BD6F-AF65F95351F2}.Debug|Any CPU.ActiveCfg = Debug|Any CPU
		{C84865F3-3A76-459D-BD6F-AF65F95351F2}.Debug|Any CPU.Build.0 = Debug|Any CPU
		{C84865F3-3A76-459D-BD6F-AF65F95351F2}.Release|Any CPU.ActiveCfg = Release|Any CPU
		{C84865F3-3A76-459D-BD6F-AF65F95351F2}.Release|Any CPU.Build.0 = Release|Any CPU
		{BF47270B-699B-4131-9132-E83793B765B9}.Debug|Any CPU.ActiveCfg = Debug|Any CPU
		{BF47270B-699B-4131-9132-E83793B765B9}.Debug|Any CPU.Build.0 = Debug|Any CPU
		{BF47270B-699B-4131-9132-E83793B765B9}.Release|Any CPU.ActiveCfg = Release|Any CPU
		{BF47270B-699B-4131-9132-E83793B765B9}.Release|Any CPU.Build.0 = Release|Any CPU
		{390F358E-3984-4F56-B21F-8BD66C841BF1}.Debug|Any CPU.ActiveCfg = Debug|Any CPU
		{390F358E-3984-4F56-B21F-8BD66C841BF1}.Debug|Any CPU.Build.0 = Debug|Any CPU
		{390F358E-3984-4F56-B21F-8BD66C841BF1}.Release|Any CPU.ActiveCfg = Release|Any CPU
		{390F358E-3984-4F56-B21F-8BD66C841BF1}.Release|Any CPU.Build.0 = Release|Any CPU
	EndGlobalSection
	GlobalSection(SolutionProperties) = preSolution
		HideSolutionNode = FALSE
	EndGlobalSection
	GlobalSection(ExtensibilityGlobals) = postSolution
		SolutionGuid = {737B1333-4BC6-4889-9C27-96D8D240B4B3}
	EndGlobalSection
EndGlobal
