
Microsoft Visual Studio Solution File, Format Version 12.00
# Visual Studio Version 17
VisualStudioVersion = 17.3.32922.545
MinimumVisualStudioVersion = 10.0.40219.1
Project("{FAE04EC0-301F-11D3-BF4B-00C04F79EFBC}") = "DatabaseFiller", "DatabaseFiller\DatabaseFiller.csproj", "{C15053A4-E616-4C2E-809C-B9E3CD042309}"
EndProject
Project("{FAE04EC0-301F-11D3-BF4B-00C04F79EFBC}") = "DemoExam.Infrastructure", "DemoExam.Infrastructure\DemoExam.Infrastructure.csproj", "{8972BDED-EFBA-4CAE-B918-544642EB1AFA}"
EndProject
Project("{FAE04EC0-301F-11D3-BF4B-00C04F79EFBC}") = "DemoExam.Domain", "DemoExam.Domain\DemoExam.Domain.csproj", "{390F358E-3984-4F56-B21F-8BD66C841BF1}"
EndProject
Project("{FAE04EC0-301F-11D3-BF4B-00C04F79EFBC}") = "DemoExam.Blazor", "DemoExam.Blazor\DemoExam.Blazor.csproj", "{3F9E256F-870A-48E7-B059-7D6B52EBC958}"
EndProject
Project("{FAE04EC0-301F-11D3-BF4B-00C04F79EFBC}") = "DemoExam.Blazor.Server", "DemoExam.Blazor.Server\DemoExam.Blazor.Server.csproj", "{69BCE022-D6B9-4088-A4C3-C58980A4449C}"
EndProject
Project("{FAE04EC0-301F-11D3-BF4B-00C04F79EFBC}") = "DemoExam.Blazor.Shared", "DemoExam.Blazor.Shared\DemoExam.Blazor.Shared.csproj", "{86C241BA-08BE-475E-86F0-35137DACBBF9}"
EndProject
Project("{2150E333-8FDC-42A3-9474-1A3956D46DE8}") = "Web", "Web", "{51E90AA2-1155-4BE4-A8C7-18CF91E47C2D}"
EndProject
Project("{2150E333-8FDC-42A3-9474-1A3956D46DE8}") = "Common", "Common", "{CDB64FE6-A9F0-476A-8327-7812D81593EA}"
EndProject
Global
	GlobalSection(SolutionConfigurationPlatforms) = preSolution
		Debug|Any CPU = Debug|Any CPU
		Release|Any CPU = Release|Any CPU
	EndGlobalSection
	GlobalSection(ProjectConfigurationPlatforms) = postSolution
		{C15053A4-E616-4C2E-809C-B9E3CD042309}.Debug|Any CPU.ActiveCfg = Debug|Any CPU
		{C15053A4-E616-4C2E-809C-B9E3CD042309}.Debug|Any CPU.Build.0 = Debug|Any CPU
		{C15053A4-E616-4C2E-809C-B9E3CD042309}.Release|Any CPU.ActiveCfg = Release|Any CPU
		{C15053A4-E616-4C2E-809C-B9E3CD042309}.Release|Any CPU.Build.0 = Release|Any CPU
		{8972BDED-EFBA-4CAE-B918-544642EB1AFA}.Debug|Any CPU.ActiveCfg = Debug|Any CPU
		{8972BDED-EFBA-4CAE-B918-544642EB1AFA}.Debug|Any CPU.Build.0 = Debug|Any CPU
		{8972BDED-EFBA-4CAE-B918-544642EB1AFA}.Release|Any CPU.ActiveCfg = Release|Any CPU
		{8972BDED-EFBA-4CAE-B918-544642EB1AFA}.Release|Any CPU.Build.0 = Release|Any CPU
		{390F358E-3984-4F56-B21F-8BD66C841BF1}.Debug|Any CPU.ActiveCfg = Debug|Any CPU
		{390F358E-3984-4F56-B21F-8BD66C841BF1}.Debug|Any CPU.Build.0 = Debug|Any CPU
		{390F358E-3984-4F56-B21F-8BD66C841BF1}.Release|Any CPU.ActiveCfg = Release|Any CPU
		{390F358E-3984-4F56-B21F-8BD66C841BF1}.Release|Any CPU.Build.0 = Release|Any CPU
		{3F9E256F-870A-48E7-B059-7D6B52EBC958}.Debug|Any CPU.ActiveCfg = Debug|Any CPU
		{3F9E256F-870A-48E7-B059-7D6B52EBC958}.Debug|Any CPU.Build.0 = Debug|Any CPU
		{3F9E256F-870A-48E7-B059-7D6B52EBC958}.Release|Any CPU.ActiveCfg = Release|Any CPU
		{3F9E256F-870A-48E7-B059-7D6B52EBC958}.Release|Any CPU.Build.0 = Release|Any CPU
		{69BCE022-D6B9-4088-A4C3-C58980A4449C}.Debug|Any CPU.ActiveCfg = Debug|Any CPU
		{69BCE022-D6B9-4088-A4C3-C58980A4449C}.Debug|Any CPU.Build.0 = Debug|Any CPU
		{69BCE022-D6B9-4088-A4C3-C58980A4449C}.Release|Any CPU.ActiveCfg = Release|Any CPU
		{69BCE022-D6B9-4088-A4C3-C58980A4449C}.Release|Any CPU.Build.0 = Release|Any CPU
		{86C241BA-08BE-475E-86F0-35137DACBBF9}.Debug|Any CPU.ActiveCfg = Debug|Any CPU
		{86C241BA-08BE-475E-86F0-35137DACBBF9}.Debug|Any CPU.Build.0 = Debug|Any CPU
		{86C241BA-08BE-475E-86F0-35137DACBBF9}.Release|Any CPU.ActiveCfg = Release|Any CPU
		{86C241BA-08BE-475E-86F0-35137DACBBF9}.Release|Any CPU.Build.0 = Release|Any CPU
	EndGlobalSection
	GlobalSection(SolutionProperties) = preSolution
		HideSolutionNode = FALSE
	EndGlobalSection
	GlobalSection(ExtensibilityGlobals) = postSolution
		SolutionGuid = {737B1333-4BC6-4889-9C27-96D8D240B4B3}
	EndGlobalSection
	GlobalSection(NestedProjects) = preSolution
		{3F9E256F-870A-48E7-B059-7D6B52EBC958} = {51E90AA2-1155-4BE4-A8C7-18CF91E47C2D}
		{69BCE022-D6B9-4088-A4C3-C58980A4449C} = {51E90AA2-1155-4BE4-A8C7-18CF91E47C2D}
		{86C241BA-08BE-475E-86F0-35137DACBBF9} = {51E90AA2-1155-4BE4-A8C7-18CF91E47C2D}
		{C15053A4-E616-4C2E-809C-B9E3CD042309} = {CDB64FE6-A9F0-476A-8327-7812D81593EA}
		{8972BDED-EFBA-4CAE-B918-544642EB1AFA} = {CDB64FE6-A9F0-476A-8327-7812D81593EA}
		{390F358E-3984-4F56-B21F-8BD66C841BF1} = {CDB64FE6-A9F0-476A-8327-7812D81593EA}
	EndGlobalSection
EndGlobal
